
Microsoft Visual Studio Solution File, Format Version 12.00
# Visual Studio 15
VisualStudioVersion = 15.0.26730.15
MinimumVisualStudioVersion = 10.0.40219.1
Project("{FAE04EC0-301F-11D3-BF4B-00C04F79EFBC}") = "U241017A.MVC", "U241017A\U241017A.MVC.csproj", "{54E938B6-C8A4-4C72-A96C-03D3A727A080}"
EndProject
Project("{FAE04EC0-301F-11D3-BF4B-00C04F79EFBC}") = "U241017A.Data", "U241017A.Data\U241017A.Data.csproj", "{64D2998D-8AE4-4692-A945-67F858371679}"
EndProject
Global
	GlobalSection(SolutionConfigurationPlatforms) = preSolution
		Debug|Any CPU = Debug|Any CPU
		Release|Any CPU = Release|Any CPU
	EndGlobalSection
	GlobalSection(ProjectConfigurationPlatforms) = postSolution
		{54E938B6-C8A4-4C72-A96C-03D3A727A080}.Debug|Any CPU.ActiveCfg = Debug|Any CPU
		{54E938B6-C8A4-4C72-A96C-03D3A727A080}.Debug|Any CPU.Build.0 = Debug|Any CPU
		{54E938B6-C8A4-4C72-A96C-03D3A727A080}.Release|Any CPU.ActiveCfg = Release|Any CPU
		{54E938B6-C8A4-4C72-A96C-03D3A727A080}.Release|Any CPU.Build.0 = Release|Any CPU
		{64D2998D-8AE4-4692-A945-67F858371679}.Debug|Any CPU.ActiveCfg = Debug|Any CPU
		{64D2998D-8AE4-4692-A945-67F858371679}.Debug|Any CPU.Build.0 = Debug|Any CPU
		{64D2998D-8AE4-4692-A945-67F858371679}.Release|Any CPU.ActiveCfg = Release|Any CPU
		{64D2998D-8AE4-4692-A945-67F858371679}.Release|Any CPU.Build.0 = Release|Any CPU
	EndGlobalSection
	GlobalSection(SolutionProperties) = preSolution
		HideSolutionNode = FALSE
	EndGlobalSection
	GlobalSection(ExtensibilityGlobals) = postSolution
		SolutionGuid = {E4449B7C-5A5F-4BD3-9592-135AF25B1C92}
	EndGlobalSection
EndGlobal
